
Microsoft Visual Studio Solution File, Format Version 12.00
# Visual Studio Version 16
VisualStudioVersion = 16.0.30413.136
MinimumVisualStudioVersion = 10.0.40219.1
Project("{FAE04EC0-301F-11D3-BF4B-00C04F79EFBC}") = "Memory", "Memory\Memory.csproj", "{2DBB3493-742E-4520-9482-649118E30B17}"
EndProject
Global
	GlobalSection(SolutionConfigurationPlatforms) = preSolution
		Debug|Any CPU = Debug|Any CPU
		Release|Any CPU = Release|Any CPU
	EndGlobalSection
	GlobalSection(ProjectConfigurationPlatforms) = postSolution
		{2DBB3493-742E-4520-9482-649118E30B17}.Debug|Any CPU.ActiveCfg = Debug|Any CPU
		{2DBB3493-742E-4520-9482-649118E30B17}.Debug|Any CPU.Build.0 = Debug|Any CPU
		{2DBB3493-742E-4520-9482-649118E30B17}.Release|Any CPU.ActiveCfg = Release|Any CPU
		{2DBB3493-742E-4520-9482-649118E30B17}.Release|Any CPU.Build.0 = Release|Any CPU
	EndGlobalSection
	GlobalSection(SolutionProperties) = preSolution
		HideSolutionNode = FALSE
	EndGlobalSection
	GlobalSection(ExtensibilityGlobals) = postSolution
		SolutionGuid = {896ED676-85E3-4C80-BE9F-B2CACE42EC9F}
	EndGlobalSection
EndGlobal
